
Microsoft Visual Studio Solution File, Format Version 12.00
# Visual Studio 14
VisualStudioVersion = 14.0.25420.1
MinimumVisualStudioVersion = 10.0.40219.1
Project("{FAE04EC0-301F-11D3-BF4B-00C04F79EFBC}") = "MAP.OA.Model", "MAP.OA.Model\MAP.OA.Model.csproj", "{CDFF550F-4A4B-465A-8F46-9D167349A3B0}"
EndProject
Project("{FAE04EC0-301F-11D3-BF4B-00C04F79EFBC}") = "MAP.OA.BLL", "MAP.OA.BLL\MAP.OA.BLL.csproj", "{E9F506CB-2B6E-4F09-AEB3-BD34110EBA47}"
EndProject
Project("{FAE04EC0-301F-11D3-BF4B-00C04F79EFBC}") = "MAP.OA.EFDAL", "MAP.OA.EFDAL\MAP.OA.EFDAL.csproj", "{0B451418-1090-417A-95D2-77E02517F59B}"
EndProject
Project("{FAE04EC0-301F-11D3-BF4B-00C04F79EFBC}") = "MAP.OA.Common", "MAP.OA.Common\MAP.OA.Common.csproj", "{7D01AFA9-DE48-4504-9DA9-641A752AB1E1}"
EndProject
Project("{FAE04EC0-301F-11D3-BF4B-00C04F79EFBC}") = "MAP.OA.UI.Portal", "MAP.OA.UI.Portal\MAP.OA.UI.Portal.csproj", "{DB372303-7E87-4007-B074-89929ABA7372}"
EndProject
Project("{FAE04EC0-301F-11D3-BF4B-00C04F79EFBC}") = "MAP.OA.EFDALTests", "MAP.OA.EFDALTests\MAP.OA.EFDALTests.csproj", "{234D9D86-B0AB-4905-BF6E-C87927B999A2}"
EndProject
Project("{FAE04EC0-301F-11D3-BF4B-00C04F79EFBC}") = "MAP.OA.IDAL", "MAP.OA.IDAL\MAP.OA.IDAL.csproj", "{43F90F05-47AD-4CCD-AEC8-328EEF019835}"
EndProject
Project("{FAE04EC0-301F-11D3-BF4B-00C04F79EFBC}") = "MAP.OA.NHDAL", "MAP.OA.NHDAL\MAP.OA.NHDAL.csproj", "{BB6476B5-3D93-4E47-ABE2-E175EE082C52}"
EndProject
Project("{FAE04EC0-301F-11D3-BF4B-00C04F79EFBC}") = "MAP.OA.DALFactory", "MAP.OA.DALFactory\MAP.OA.DALFactory.csproj", "{6A86EBF1-A6D9-4313-8548-B871991D8221}"
EndProject
Project("{FAE04EC0-301F-11D3-BF4B-00C04F79EFBC}") = "MAP.OA.IBLL", "MAP.OA.IBLL\MAP.OA.IBLL.csproj", "{AE0871F6-588A-49E9-8F80-54BC12B5CAB4}"
EndProject
Project("{2150E333-8FDC-42A3-9474-1A3956D46DE8}") = "DAL", "DAL", "{FFE2E1BA-032D-4E80-9A4A-35CBF43E1BF6}"
EndProject
Project("{2150E333-8FDC-42A3-9474-1A3956D46DE8}") = "BLL", "BLL", "{8F49FC3C-24AC-448B-80D8-ACA9BA8B4591}"
EndProject
Project("{2150E333-8FDC-42A3-9474-1A3956D46DE8}") = "Model", "Model", "{D4FCEFC5-2C9E-4937-8968-1928FEB79E90}"
EndProject
Project("{2150E333-8FDC-42A3-9474-1A3956D46DE8}") = "Common", "Common", "{69017751-59F0-4363-BEA6-2E82E58E0104}"
EndProject
Project("{2150E333-8FDC-42A3-9474-1A3956D46DE8}") = "UI", "UI", "{8A0320BA-D004-4F1D-A55B-38D38D2237C0}"
EndProject
Project("{2150E333-8FDC-42A3-9474-1A3956D46DE8}") = "UnitTest", "UnitTest", "{B2D319A7-7D30-4052-AA2D-E7E107EBBFFF}"
EndProject
Project("{2150E333-8FDC-42A3-9474-1A3956D46DE8}") = "Demo", "Demo", "{A48B2B6F-6FA9-47B5-9F13-B9AF8EFD1C06}"
EndProject
Project("{FAE04EC0-301F-11D3-BF4B-00C04F79EFBC}") = "SpringNetDemo", "SpringNetDemo\SpringNetDemo.csproj", "{924E2878-A9C8-4FAA-A1BE-4973A9F27B2F}"
EndProject
Project("{FAE04EC0-301F-11D3-BF4B-00C04F79EFBC}") = "T4Demos", "T4Demos\T4Demos.csproj", "{1D991065-D248-44D2-8CCD-D3C3CE2E3AB5}"
EndProject
Project("{FAE04EC0-301F-11D3-BF4B-00C04F79EFBC}") = "Log4NetDemo", "Log4NetDemo\Log4NetDemo.csproj", "{997D7747-C375-4DCA-B6F7-1C2374F9644F}"
EndProject
Project("{FAE04EC0-301F-11D3-BF4B-00C04F79EFBC}") = "MemcacheDemo", "MemcacheDemo\MemcacheDemo.csproj", "{339F32C7-F638-47CE-AF5D-5F25FDA7419D}"
EndProject
Project("{FAE04EC0-301F-11D3-BF4B-00C04F79EFBC}") = "NhDemo", "NhDemo\NhDemo.csproj", "{4330EDE3-E929-4CE8-9957-0BA0DF14815A}"
EndProject
Project("{FAE04EC0-301F-11D3-BF4B-00C04F79EFBC}") = "MongoDbDemo", "MongoDbDemo\MongoDbDemo.csproj", "{4B72F33A-B75C-4A56-BCCC-773266F41742}"
EndProject
Project("{FAE04EC0-301F-11D3-BF4B-00C04F79EFBC}") = "WorkflowDemo", "..\WorkflowDemo\WorkflowDemo\WorkflowDemo.csproj", "{096604A9-1D65-45A5-8097-F4E415C72610}"
EndProject
Project("{FAE04EC0-301F-11D3-BF4B-00C04F79EFBC}") = "WinFormDemo", "WinFormDemo\WinFormDemo.csproj", "{5FD2046B-8C88-4E49-8055-42A0A882C59E}"
EndProject
Project("{FAE04EC0-301F-11D3-BF4B-00C04F79EFBC}") = "WFWindowsFormsDemo", "WFWindowsFormsDemo\WFWindowsFormsDemo.csproj", "{2CFBF247-D3F1-4FEE-ADB1-CAD8E74DEDD0}"
EndProject
Project("{2150E333-8FDC-42A3-9474-1A3956D46DE8}") = "Workflow", "Workflow", "{6C9D9084-9195-4D0A-9121-AABC73918B08}"
EndProject
Project("{FAE04EC0-301F-11D3-BF4B-00C04F79EFBC}") = "MAP.OA.Workflow", "MAP.OA.Workflow\MAP.OA.Workflow.csproj", "{F4AC98D8-99D6-4E10-916B-60451A6FD42F}"
EndProject
Project("{FAE04EC0-301F-11D3-BF4B-00C04F79EFBC}") = "NhDemo2", "NhDemo2\NhDemo2.csproj", "{E0A6EEDC-E685-47A3-8473-7DA7831772D6}"
EndProject
Project("{FAE04EC0-301F-11D3-BF4B-00C04F79EFBC}") = "NhibernateDemoApp", "NhibernateDemoApp\NhibernateDemoApp.csproj", "{58DBE24D-1767-48AE-AFAD-00332C6D03CB}"
EndProject
Global
	GlobalSection(SolutionConfigurationPlatforms) = preSolution
		Debug|Any CPU = Debug|Any CPU
		Debug|x86 = Debug|x86
		Release|Any CPU = Release|Any CPU
		Release|x86 = Release|x86
	EndGlobalSection
	GlobalSection(ProjectConfigurationPlatforms) = postSolution
		{CDFF550F-4A4B-465A-8F46-9D167349A3B0}.Debug|Any CPU.ActiveCfg = Debug|Any CPU
		{CDFF550F-4A4B-465A-8F46-9D167349A3B0}.Debug|Any CPU.Build.0 = Debug|Any CPU
		{CDFF550F-4A4B-465A-8F46-9D167349A3B0}.Debug|x86.ActiveCfg = Debug|Any CPU
		{CDFF550F-4A4B-465A-8F46-9D167349A3B0}.Debug|x86.Build.0 = Debug|Any CPU
		{CDFF550F-4A4B-465A-8F46-9D167349A3B0}.Release|Any CPU.ActiveCfg = Release|Any CPU
		{CDFF550F-4A4B-465A-8F46-9D167349A3B0}.Release|Any CPU.Build.0 = Release|Any CPU
		{CDFF550F-4A4B-465A-8F46-9D167349A3B0}.Release|x86.ActiveCfg = Release|Any CPU
		{CDFF550F-4A4B-465A-8F46-9D167349A3B0}.Release|x86.Build.0 = Release|Any CPU
		{E9F506CB-2B6E-4F09-AEB3-BD34110EBA47}.Debug|Any CPU.ActiveCfg = Debug|Any CPU
		{E9F506CB-2B6E-4F09-AEB3-BD34110EBA47}.Debug|Any CPU.Build.0 = Debug|Any CPU
		{E9F506CB-2B6E-4F09-AEB3-BD34110EBA47}.Debug|x86.ActiveCfg = Debug|Any CPU
		{E9F506CB-2B6E-4F09-AEB3-BD34110EBA47}.Debug|x86.Build.0 = Debug|Any CPU
		{E9F506CB-2B6E-4F09-AEB3-BD34110EBA47}.Release|Any CPU.ActiveCfg = Release|Any CPU
		{E9F506CB-2B6E-4F09-AEB3-BD34110EBA47}.Release|Any CPU.Build.0 = Release|Any CPU
		{E9F506CB-2B6E-4F09-AEB3-BD34110EBA47}.Release|x86.ActiveCfg = Release|Any CPU
		{E9F506CB-2B6E-4F09-AEB3-BD34110EBA47}.Release|x86.Build.0 = Release|Any CPU
		{0B451418-1090-417A-95D2-77E02517F59B}.Debug|Any CPU.ActiveCfg = Debug|Any CPU
		{0B451418-1090-417A-95D2-77E02517F59B}.Debug|Any CPU.Build.0 = Debug|Any CPU
		{0B451418-1090-417A-95D2-77E02517F59B}.Debug|x86.ActiveCfg = Debug|Any CPU
		{0B451418-1090-417A-95D2-77E02517F59B}.Debug|x86.Build.0 = Debug|Any CPU
		{0B451418-1090-417A-95D2-77E02517F59B}.Release|Any CPU.ActiveCfg = Release|Any CPU
		{0B451418-1090-417A-95D2-77E02517F59B}.Release|Any CPU.Build.0 = Release|Any CPU
		{0B451418-1090-417A-95D2-77E02517F59B}.Release|x86.ActiveCfg = Release|Any CPU
		{0B451418-1090-417A-95D2-77E02517F59B}.Release|x86.Build.0 = Release|Any CPU
		{7D01AFA9-DE48-4504-9DA9-641A752AB1E1}.Debug|Any CPU.ActiveCfg = Debug|Any CPU
		{7D01AFA9-DE48-4504-9DA9-641A752AB1E1}.Debug|Any CPU.Build.0 = Debug|Any CPU
		{7D01AFA9-DE48-4504-9DA9-641A752AB1E1}.Debug|x86.ActiveCfg = Debug|Any CPU
		{7D01AFA9-DE48-4504-9DA9-641A752AB1E1}.Debug|x86.Build.0 = Debug|Any CPU
		{7D01AFA9-DE48-4504-9DA9-641A752AB1E1}.Release|Any CPU.ActiveCfg = Release|Any CPU
		{7D01AFA9-DE48-4504-9DA9-641A752AB1E1}.Release|Any CPU.Build.0 = Release|Any CPU
		{7D01AFA9-DE48-4504-9DA9-641A752AB1E1}.Release|x86.ActiveCfg = Release|Any CPU
		{7D01AFA9-DE48-4504-9DA9-641A752AB1E1}.Release|x86.Build.0 = Release|Any CPU
		{DB372303-7E87-4007-B074-89929ABA7372}.Debug|Any CPU.ActiveCfg = Debug|Any CPU
		{DB372303-7E87-4007-B074-89929ABA7372}.Debug|Any CPU.Build.0 = Debug|Any CPU
		{DB372303-7E87-4007-B074-89929ABA7372}.Debug|x86.ActiveCfg = Debug|Any CPU
		{DB372303-7E87-4007-B074-89929ABA7372}.Debug|x86.Build.0 = Debug|Any CPU
		{DB372303-7E87-4007-B074-89929ABA7372}.Release|Any CPU.ActiveCfg = Release|Any CPU
		{DB372303-7E87-4007-B074-89929ABA7372}.Release|Any CPU.Build.0 = Release|Any CPU
		{DB372303-7E87-4007-B074-89929ABA7372}.Release|x86.ActiveCfg = Release|Any CPU
		{DB372303-7E87-4007-B074-89929ABA7372}.Release|x86.Build.0 = Release|Any CPU
		{234D9D86-B0AB-4905-BF6E-C87927B999A2}.Debug|Any CPU.ActiveCfg = Debug|Any CPU
		{234D9D86-B0AB-4905-BF6E-C87927B999A2}.Debug|Any CPU.Build.0 = Debug|Any CPU
		{234D9D86-B0AB-4905-BF6E-C87927B999A2}.Debug|x86.ActiveCfg = Debug|Any CPU
		{234D9D86-B0AB-4905-BF6E-C87927B999A2}.Debug|x86.Build.0 = Debug|Any CPU
		{234D9D86-B0AB-4905-BF6E-C87927B999A2}.Release|Any CPU.ActiveCfg = Release|Any CPU
		{234D9D86-B0AB-4905-BF6E-C87927B999A2}.Release|Any CPU.Build.0 = Release|Any CPU
		{234D9D86-B0AB-4905-BF6E-C87927B999A2}.Release|x86.ActiveCfg = Release|Any CPU
		{234D9D86-B0AB-4905-BF6E-C87927B999A2}.Release|x86.Build.0 = Release|Any CPU
		{43F90F05-47AD-4CCD-AEC8-328EEF019835}.Debug|Any CPU.ActiveCfg = Debug|Any CPU
		{43F90F05-47AD-4CCD-AEC8-328EEF019835}.Debug|Any CPU.Build.0 = Debug|Any CPU
		{43F90F05-47AD-4CCD-AEC8-328EEF019835}.Debug|x86.ActiveCfg = Debug|Any CPU
		{43F90F05-47AD-4CCD-AEC8-328EEF019835}.Debug|x86.Build.0 = Debug|Any CPU
		{43F90F05-47AD-4CCD-AEC8-328EEF019835}.Release|Any CPU.ActiveCfg = Release|Any CPU
		{43F90F05-47AD-4CCD-AEC8-328EEF019835}.Release|Any CPU.Build.0 = Release|Any CPU
		{43F90F05-47AD-4CCD-AEC8-328EEF019835}.Release|x86.ActiveCfg = Release|Any CPU
		{43F90F05-47AD-4CCD-AEC8-328EEF019835}.Release|x86.Build.0 = Release|Any CPU
		{BB6476B5-3D93-4E47-ABE2-E175EE082C52}.Debug|Any CPU.ActiveCfg = Debug|Any CPU
		{BB6476B5-3D93-4E47-ABE2-E175EE082C52}.Debug|Any CPU.Build.0 = Debug|Any CPU
		{BB6476B5-3D93-4E47-ABE2-E175EE082C52}.Debug|x86.ActiveCfg = Debug|Any CPU
		{BB6476B5-3D93-4E47-ABE2-E175EE082C52}.Debug|x86.Build.0 = Debug|Any CPU
		{BB6476B5-3D93-4E47-ABE2-E175EE082C52}.Release|Any CPU.ActiveCfg = Release|Any CPU
		{BB6476B5-3D93-4E47-ABE2-E175EE082C52}.Release|Any CPU.Build.0 = Release|Any CPU
		{BB6476B5-3D93-4E47-ABE2-E175EE082C52}.Release|x86.ActiveCfg = Release|Any CPU
		{BB6476B5-3D93-4E47-ABE2-E175EE082C52}.Release|x86.Build.0 = Release|Any CPU
		{6A86EBF1-A6D9-4313-8548-B871991D8221}.Debug|Any CPU.ActiveCfg = Debug|Any CPU
		{6A86EBF1-A6D9-4313-8548-B871991D8221}.Debug|Any CPU.Build.0 = Debug|Any CPU
		{6A86EBF1-A6D9-4313-8548-B871991D8221}.Debug|x86.ActiveCfg = Debug|Any CPU
		{6A86EBF1-A6D9-4313-8548-B871991D8221}.Debug|x86.Build.0 = Debug|Any CPU
		{6A86EBF1-A6D9-4313-8548-B871991D8221}.Release|Any CPU.ActiveCfg = Release|Any CPU
		{6A86EBF1-A6D9-4313-8548-B871991D8221}.Release|Any CPU.Build.0 = Release|Any CPU
		{6A86EBF1-A6D9-4313-8548-B871991D8221}.Release|x86.ActiveCfg = Release|Any CPU
		{6A86EBF1-A6D9-4313-8548-B871991D8221}.Release|x86.Build.0 = Release|Any CPU
		{AE0871F6-588A-49E9-8F80-54BC12B5CAB4}.Debug|Any CPU.ActiveCfg = Debug|Any CPU
		{AE0871F6-588A-49E9-8F80-54BC12B5CAB4}.Debug|Any CPU.Build.0 = Debug|Any CPU
		{AE0871F6-588A-49E9-8F80-54BC12B5CAB4}.Debug|x86.ActiveCfg = Debug|Any CPU
		{AE0871F6-588A-49E9-8F80-54BC12B5CAB4}.Debug|x86.Build.0 = Debug|Any CPU
		{AE0871F6-588A-49E9-8F80-54BC12B5CAB4}.Release|Any CPU.ActiveCfg = Release|Any CPU
		{AE0871F6-588A-49E9-8F80-54BC12B5CAB4}.Release|Any CPU.Build.0 = Release|Any CPU
		{AE0871F6-588A-49E9-8F80-54BC12B5CAB4}.Release|x86.ActiveCfg = Release|Any CPU
		{AE0871F6-588A-49E9-8F80-54BC12B5CAB4}.Release|x86.Build.0 = Release|Any CPU
		{924E2878-A9C8-4FAA-A1BE-4973A9F27B2F}.Debug|Any CPU.ActiveCfg = Debug|Any CPU
		{924E2878-A9C8-4FAA-A1BE-4973A9F27B2F}.Debug|Any CPU.Build.0 = Debug|Any CPU
		{924E2878-A9C8-4FAA-A1BE-4973A9F27B2F}.Debug|x86.ActiveCfg = Debug|Any CPU
		{924E2878-A9C8-4FAA-A1BE-4973A9F27B2F}.Debug|x86.Build.0 = Debug|Any CPU
		{924E2878-A9C8-4FAA-A1BE-4973A9F27B2F}.Release|Any CPU.ActiveCfg = Release|Any CPU
		{924E2878-A9C8-4FAA-A1BE-4973A9F27B2F}.Release|Any CPU.Build.0 = Release|Any CPU
		{924E2878-A9C8-4FAA-A1BE-4973A9F27B2F}.Release|x86.ActiveCfg = Release|Any CPU
		{924E2878-A9C8-4FAA-A1BE-4973A9F27B2F}.Release|x86.Build.0 = Release|Any CPU
		{1D991065-D248-44D2-8CCD-D3C3CE2E3AB5}.Debug|Any CPU.ActiveCfg = Debug|Any CPU
		{1D991065-D248-44D2-8CCD-D3C3CE2E3AB5}.Debug|Any CPU.Build.0 = Debug|Any CPU
		{1D991065-D248-44D2-8CCD-D3C3CE2E3AB5}.Debug|x86.ActiveCfg = Debug|Any CPU
		{1D991065-D248-44D2-8CCD-D3C3CE2E3AB5}.Debug|x86.Build.0 = Debug|Any CPU
		{1D991065-D248-44D2-8CCD-D3C3CE2E3AB5}.Release|Any CPU.ActiveCfg = Release|Any CPU
		{1D991065-D248-44D2-8CCD-D3C3CE2E3AB5}.Release|Any CPU.Build.0 = Release|Any CPU
		{1D991065-D248-44D2-8CCD-D3C3CE2E3AB5}.Release|x86.ActiveCfg = Release|Any CPU
		{1D991065-D248-44D2-8CCD-D3C3CE2E3AB5}.Release|x86.Build.0 = Release|Any CPU
		{997D7747-C375-4DCA-B6F7-1C2374F9644F}.Debug|Any CPU.ActiveCfg = Debug|Any CPU
		{997D7747-C375-4DCA-B6F7-1C2374F9644F}.Debug|Any CPU.Build.0 = Debug|Any CPU
		{997D7747-C375-4DCA-B6F7-1C2374F9644F}.Debug|x86.ActiveCfg = Debug|Any CPU
		{997D7747-C375-4DCA-B6F7-1C2374F9644F}.Debug|x86.Build.0 = Debug|Any CPU
		{997D7747-C375-4DCA-B6F7-1C2374F9644F}.Release|Any CPU.ActiveCfg = Release|Any CPU
		{997D7747-C375-4DCA-B6F7-1C2374F9644F}.Release|Any CPU.Build.0 = Release|Any CPU
		{997D7747-C375-4DCA-B6F7-1C2374F9644F}.Release|x86.ActiveCfg = Release|Any CPU
		{997D7747-C375-4DCA-B6F7-1C2374F9644F}.Release|x86.Build.0 = Release|Any CPU
		{339F32C7-F638-47CE-AF5D-5F25FDA7419D}.Debug|Any CPU.ActiveCfg = Debug|Any CPU
		{339F32C7-F638-47CE-AF5D-5F25FDA7419D}.Debug|Any CPU.Build.0 = Debug|Any CPU
		{339F32C7-F638-47CE-AF5D-5F25FDA7419D}.Debug|x86.ActiveCfg = Debug|Any CPU
		{339F32C7-F638-47CE-AF5D-5F25FDA7419D}.Debug|x86.Build.0 = Debug|Any CPU
		{339F32C7-F638-47CE-AF5D-5F25FDA7419D}.Release|Any CPU.ActiveCfg = Release|Any CPU
		{339F32C7-F638-47CE-AF5D-5F25FDA7419D}.Release|Any CPU.Build.0 = Release|Any CPU
		{339F32C7-F638-47CE-AF5D-5F25FDA7419D}.Release|x86.ActiveCfg = Release|Any CPU
		{339F32C7-F638-47CE-AF5D-5F25FDA7419D}.Release|x86.Build.0 = Release|Any CPU
		{4330EDE3-E929-4CE8-9957-0BA0DF14815A}.Debug|Any CPU.ActiveCfg = Debug|Any CPU
		{4330EDE3-E929-4CE8-9957-0BA0DF14815A}.Debug|Any CPU.Build.0 = Debug|Any CPU
		{4330EDE3-E929-4CE8-9957-0BA0DF14815A}.Debug|x86.ActiveCfg = Debug|Any CPU
		{4330EDE3-E929-4CE8-9957-0BA0DF14815A}.Debug|x86.Build.0 = Debug|Any CPU
		{4330EDE3-E929-4CE8-9957-0BA0DF14815A}.Release|Any CPU.ActiveCfg = Release|Any CPU
		{4330EDE3-E929-4CE8-9957-0BA0DF14815A}.Release|Any CPU.Build.0 = Release|Any CPU
		{4330EDE3-E929-4CE8-9957-0BA0DF14815A}.Release|x86.ActiveCfg = Release|Any CPU
		{4330EDE3-E929-4CE8-9957-0BA0DF14815A}.Release|x86.Build.0 = Release|Any CPU
		{4B72F33A-B75C-4A56-BCCC-773266F41742}.Debug|Any CPU.ActiveCfg = Debug|Any CPU
		{4B72F33A-B75C-4A56-BCCC-773266F41742}.Debug|Any CPU.Build.0 = Debug|Any CPU
		{4B72F33A-B75C-4A56-BCCC-773266F41742}.Debug|x86.ActiveCfg = Debug|Any CPU
		{4B72F33A-B75C-4A56-BCCC-773266F41742}.Debug|x86.Build.0 = Debug|Any CPU
		{4B72F33A-B75C-4A56-BCCC-773266F41742}.Release|Any CPU.ActiveCfg = Release|Any CPU
		{4B72F33A-B75C-4A56-BCCC-773266F41742}.Release|Any CPU.Build.0 = Release|Any CPU
		{4B72F33A-B75C-4A56-BCCC-773266F41742}.Release|x86.ActiveCfg = Release|Any CPU
		{4B72F33A-B75C-4A56-BCCC-773266F41742}.Release|x86.Build.0 = Release|Any CPU
		{096604A9-1D65-45A5-8097-F4E415C72610}.Debug|Any CPU.ActiveCfg = Debug|x86
		{096604A9-1D65-45A5-8097-F4E415C72610}.Debug|x86.ActiveCfg = Debug|x86
		{096604A9-1D65-45A5-8097-F4E415C72610}.Debug|x86.Build.0 = Debug|x86
		{096604A9-1D65-45A5-8097-F4E415C72610}.Release|Any CPU.ActiveCfg = Release|x86
		{096604A9-1D65-45A5-8097-F4E415C72610}.Release|x86.ActiveCfg = Release|x86
		{096604A9-1D65-45A5-8097-F4E415C72610}.Release|x86.Build.0 = Release|x86
		{5FD2046B-8C88-4E49-8055-42A0A882C59E}.Debug|Any CPU.ActiveCfg = Debug|Any CPU
		{5FD2046B-8C88-4E49-8055-42A0A882C59E}.Debug|Any CPU.Build.0 = Debug|Any CPU
		{5FD2046B-8C88-4E49-8055-42A0A882C59E}.Debug|x86.ActiveCfg = Debug|Any CPU
		{5FD2046B-8C88-4E49-8055-42A0A882C59E}.Debug|x86.Build.0 = Debug|Any CPU
		{5FD2046B-8C88-4E49-8055-42A0A882C59E}.Release|Any CPU.ActiveCfg = Release|Any CPU
		{5FD2046B-8C88-4E49-8055-42A0A882C59E}.Release|Any CPU.Build.0 = Release|Any CPU
		{5FD2046B-8C88-4E49-8055-42A0A882C59E}.Release|x86.ActiveCfg = Release|Any CPU
		{5FD2046B-8C88-4E49-8055-42A0A882C59E}.Release|x86.Build.0 = Release|Any CPU
		{2CFBF247-D3F1-4FEE-ADB1-CAD8E74DEDD0}.Debug|Any CPU.ActiveCfg = Debug|Any CPU
		{2CFBF247-D3F1-4FEE-ADB1-CAD8E74DEDD0}.Debug|Any CPU.Build.0 = Debug|Any CPU
		{2CFBF247-D3F1-4FEE-ADB1-CAD8E74DEDD0}.Debug|x86.ActiveCfg = Debug|Any CPU
		{2CFBF247-D3F1-4FEE-ADB1-CAD8E74DEDD0}.Debug|x86.Build.0 = Debug|Any CPU
		{2CFBF247-D3F1-4FEE-ADB1-CAD8E74DEDD0}.Release|Any CPU.ActiveCfg = Release|Any CPU
		{2CFBF247-D3F1-4FEE-ADB1-CAD8E74DEDD0}.Release|Any CPU.Build.0 = Release|Any CPU
		{2CFBF247-D3F1-4FEE-ADB1-CAD8E74DEDD0}.Release|x86.ActiveCfg = Release|Any CPU
		{2CFBF247-D3F1-4FEE-ADB1-CAD8E74DEDD0}.Release|x86.Build.0 = Release|Any CPU
		{F4AC98D8-99D6-4E10-916B-60451A6FD42F}.Debug|Any CPU.ActiveCfg = Debug|Any CPU
		{F4AC98D8-99D6-4E10-916B-60451A6FD42F}.Debug|Any CPU.Build.0 = Debug|Any CPU
		{F4AC98D8-99D6-4E10-916B-60451A6FD42F}.Debug|x86.ActiveCfg = Debug|Any CPU
		{F4AC98D8-99D6-4E10-916B-60451A6FD42F}.Debug|x86.Build.0 = Debug|Any CPU
		{F4AC98D8-99D6-4E10-916B-60451A6FD42F}.Release|Any CPU.ActiveCfg = Release|Any CPU
		{F4AC98D8-99D6-4E10-916B-60451A6FD42F}.Release|Any CPU.Build.0 = Release|Any CPU
		{F4AC98D8-99D6-4E10-916B-60451A6FD42F}.Release|x86.ActiveCfg = Release|Any CPU
		{F4AC98D8-99D6-4E10-916B-60451A6FD42F}.Release|x86.Build.0 = Release|Any CPU
		{E0A6EEDC-E685-47A3-8473-7DA7831772D6}.Debug|Any CPU.ActiveCfg = Debug|Any CPU
		{E0A6EEDC-E685-47A3-8473-7DA7831772D6}.Debug|Any CPU.Build.0 = Debug|Any CPU
		{E0A6EEDC-E685-47A3-8473-7DA7831772D6}.Debug|x86.ActiveCfg = Debug|Any CPU
		{E0A6EEDC-E685-47A3-8473-7DA7831772D6}.Debug|x86.Build.0 = Debug|Any CPU
		{E0A6EEDC-E685-47A3-8473-7DA7831772D6}.Release|Any CPU.ActiveCfg = Release|Any CPU
		{E0A6EEDC-E685-47A3-8473-7DA7831772D6}.Release|Any CPU.Build.0 = Release|Any CPU
		{E0A6EEDC-E685-47A3-8473-7DA7831772D6}.Release|x86.ActiveCfg = Release|Any CPU
		{E0A6EEDC-E685-47A3-8473-7DA7831772D6}.Release|x86.Build.0 = Release|Any CPU
		{58DBE24D-1767-48AE-AFAD-00332C6D03CB}.Debug|Any CPU.ActiveCfg = Debug|Any CPU
		{58DBE24D-1767-48AE-AFAD-00332C6D03CB}.Debug|Any CPU.Build.0 = Debug|Any CPU
		{58DBE24D-1767-48AE-AFAD-00332C6D03CB}.Debug|x86.ActiveCfg = Debug|Any CPU
		{58DBE24D-1767-48AE-AFAD-00332C6D03CB}.Debug|x86.Build.0 = Debug|Any CPU
		{58DBE24D-1767-48AE-AFAD-00332C6D03CB}.Release|Any CPU.ActiveCfg = Release|Any CPU
		{58DBE24D-1767-48AE-AFAD-00332C6D03CB}.Release|Any CPU.Build.0 = Release|Any CPU
		{58DBE24D-1767-48AE-AFAD-00332C6D03CB}.Release|x86.ActiveCfg = Release|Any CPU
		{58DBE24D-1767-48AE-AFAD-00332C6D03CB}.Release|x86.Build.0 = Release|Any CPU
	EndGlobalSection
	GlobalSection(SolutionProperties) = preSolution
		HideSolutionNode = FALSE
	EndGlobalSection
	GlobalSection(NestedProjects) = preSolution
		{CDFF550F-4A4B-465A-8F46-9D167349A3B0} = {D4FCEFC5-2C9E-4937-8968-1928FEB79E90}
		{E9F506CB-2B6E-4F09-AEB3-BD34110EBA47} = {8F49FC3C-24AC-448B-80D8-ACA9BA8B4591}
		{0B451418-1090-417A-95D2-77E02517F59B} = {FFE2E1BA-032D-4E80-9A4A-35CBF43E1BF6}
		{7D01AFA9-DE48-4504-9DA9-641A752AB1E1} = {69017751-59F0-4363-BEA6-2E82E58E0104}
		{DB372303-7E87-4007-B074-89929ABA7372} = {8A0320BA-D004-4F1D-A55B-38D38D2237C0}
		{234D9D86-B0AB-4905-BF6E-C87927B999A2} = {B2D319A7-7D30-4052-AA2D-E7E107EBBFFF}
		{43F90F05-47AD-4CCD-AEC8-328EEF019835} = {FFE2E1BA-032D-4E80-9A4A-35CBF43E1BF6}
		{BB6476B5-3D93-4E47-ABE2-E175EE082C52} = {FFE2E1BA-032D-4E80-9A4A-35CBF43E1BF6}
		{6A86EBF1-A6D9-4313-8548-B871991D8221} = {FFE2E1BA-032D-4E80-9A4A-35CBF43E1BF6}
		{AE0871F6-588A-49E9-8F80-54BC12B5CAB4} = {8F49FC3C-24AC-448B-80D8-ACA9BA8B4591}
		{924E2878-A9C8-4FAA-A1BE-4973A9F27B2F} = {A48B2B6F-6FA9-47B5-9F13-B9AF8EFD1C06}
		{1D991065-D248-44D2-8CCD-D3C3CE2E3AB5} = {A48B2B6F-6FA9-47B5-9F13-B9AF8EFD1C06}
		{997D7747-C375-4DCA-B6F7-1C2374F9644F} = {A48B2B6F-6FA9-47B5-9F13-B9AF8EFD1C06}
		{339F32C7-F638-47CE-AF5D-5F25FDA7419D} = {A48B2B6F-6FA9-47B5-9F13-B9AF8EFD1C06}
		{4330EDE3-E929-4CE8-9957-0BA0DF14815A} = {A48B2B6F-6FA9-47B5-9F13-B9AF8EFD1C06}
		{4B72F33A-B75C-4A56-BCCC-773266F41742} = {A48B2B6F-6FA9-47B5-9F13-B9AF8EFD1C06}
		{096604A9-1D65-45A5-8097-F4E415C72610} = {A48B2B6F-6FA9-47B5-9F13-B9AF8EFD1C06}
		{5FD2046B-8C88-4E49-8055-42A0A882C59E} = {A48B2B6F-6FA9-47B5-9F13-B9AF8EFD1C06}
		{2CFBF247-D3F1-4FEE-ADB1-CAD8E74DEDD0} = {A48B2B6F-6FA9-47B5-9F13-B9AF8EFD1C06}
		{F4AC98D8-99D6-4E10-916B-60451A6FD42F} = {6C9D9084-9195-4D0A-9121-AABC73918B08}
		{E0A6EEDC-E685-47A3-8473-7DA7831772D6} = {A48B2B6F-6FA9-47B5-9F13-B9AF8EFD1C06}
		{58DBE24D-1767-48AE-AFAD-00332C6D03CB} = {A48B2B6F-6FA9-47B5-9F13-B9AF8EFD1C06}
	EndGlobalSection
EndGlobal
